// !$*UTF8*$!
{
	archiveVersion = 1;
	classes = {
	};
	objectVersion = 51;
	objects = {

/* Begin PBXBuildFile section */
		810AE0C027D60EDA00F23713 /* LogInViewController.swift in Sources */ = {isa = PBXBuildFile; fileRef = 810AE0BF27D60EDA00F23713 /* LogInViewController.swift */; };
		810AE0C227D60EE900F23713 /* SignUpViewController.swift in Sources */ = {isa = PBXBuildFile; fileRef = 810AE0C127D60EE900F23713 /* SignUpViewController.swift */; };
		810AE0C527D641B500F23713 /* ProfileInformationsViewController.swift in Sources */ = {isa = PBXBuildFile; fileRef = 810AE0C427D641B400F23713 /* ProfileInformationsViewController.swift */; };
		810AE0C727D641F200F23713 /* ChangePswAndDeleteAccountViewController.swift in Sources */ = {isa = PBXBuildFile; fileRef = 810AE0C627D641F200F23713 /* ChangePswAndDeleteAccountViewController.swift */; };
		810AE0CD27D8B83D00F23713 /* ProfileInformationsCollectionViewCell.swift in Sources */ = {isa = PBXBuildFile; fileRef = 810AE0CC27D8B83D00F23713 /* ProfileInformationsCollectionViewCell.swift */; };
		810AE0CF27D8E51E00F23713 /* SearchResultCollectionReusableView.swift in Sources */ = {isa = PBXBuildFile; fileRef = 810AE0CE27D8E51D00F23713 /* SearchResultCollectionReusableView.swift */; };
		810AE0D127D9E61F00F23713 /* ProfileInformationCollectionReusableView.swift in Sources */ = {isa = PBXBuildFile; fileRef = 810AE0D027D9E61F00F23713 /* ProfileInformationCollectionReusableView.swift */; };
		811B0CD827CD13B9004730DA /* SearchHeadings.swift in Sources */ = {isa = PBXBuildFile; fileRef = 811B0CD727CD13B9004730DA /* SearchHeadings.swift */; };
		81237AA92802BC5A00CD3749 /* UserError.swift in Sources */ = {isa = PBXBuildFile; fileRef = 81237AA82802BC5900CD3749 /* UserError.swift */; };
		81386A5427EA0D450051A886 /* User.swift in Sources */ = {isa = PBXBuildFile; fileRef = 81386A5327EA0D450051A886 /* User.swift */; };
		813C27F32810155B0009616D /* HapticsManager.swift in Sources */ = {isa = PBXBuildFile; fileRef = 813C27F22810155B0009616D /* HapticsManager.swift */; };
		813C27F52810863E0009616D /* ProfileInformationsCellViewModel.swift in Sources */ = {isa = PBXBuildFile; fileRef = 813C27F42810863E0009616D /* ProfileInformationsCellViewModel.swift */; };
		8141A35B281686CF002CD861 /* ChartsViewModel.swift in Sources */ = {isa = PBXBuildFile; fileRef = 8141A35A281686CF002CD861 /* ChartsViewModel.swift */; };
		8141A37D28173A05002CD861 /* HashtagsMentionsCollectionReusableView.swift in Sources */ = {isa = PBXBuildFile; fileRef = 8141A37C28173A05002CD861 /* HashtagsMentionsCollectionReusableView.swift */; };
		8141A37F28173A1C002CD861 /* HashtagsMentionsCollectionViewCell.swift in Sources */ = {isa = PBXBuildFile; fileRef = 8141A37E28173A1C002CD861 /* HashtagsMentionsCollectionViewCell.swift */; };
		8141A3832817DD45002CD861 /* ChartsView.swift in Sources */ = {isa = PBXBuildFile; fileRef = 8141A3822817DD45002CD861 /* ChartsView.swift */; };
		8141A3852817E41D002CD861 /* TagsViewModel.swift in Sources */ = {isa = PBXBuildFile; fileRef = 8141A3842817E41D002CD861 /* TagsViewModel.swift */; };
		8141A3872817E706002CD861 /* HashtagsMentionsView.swift in Sources */ = {isa = PBXBuildFile; fileRef = 8141A3862817E706002CD861 /* HashtagsMentionsView.swift */; };
		8141A3892817EA54002CD861 /* PercentsFollowersView.swift in Sources */ = {isa = PBXBuildFile; fileRef = 8141A3882817EA54002CD861 /* PercentsFollowersView.swift */; };
		8141A38B2817EE08002CD861 /* FollowersGenderDistributionView.swift in Sources */ = {isa = PBXBuildFile; fileRef = 8141A38A2817EE07002CD861 /* FollowersGenderDistributionView.swift */; };
		8141A38D2817EEBE002CD861 /* ProgressBarWithInfos.swift in Sources */ = {isa = PBXBuildFile; fileRef = 8141A38C2817EEBE002CD861 /* ProgressBarWithInfos.swift */; };
		8141A38F2817F432002CD861 /* FollowersLocationView.swift in Sources */ = {isa = PBXBuildFile; fileRef = 8141A38E2817F432002CD861 /* FollowersLocationView.swift */; };
		8141A3912817FD54002CD861 /* CredibilityViewModel.swift in Sources */ = {isa = PBXBuildFile; fileRef = 8141A3902817FD54002CD861 /* CredibilityViewModel.swift */; };
		8141A39328180162002CD861 /* GendersViewModel.swift in Sources */ = {isa = PBXBuildFile; fileRef = 8141A39228180162002CD861 /* GendersViewModel.swift */; };
		8141A39528180A90002CD861 /* FollowersLocationViewModel.swift in Sources */ = {isa = PBXBuildFile; fileRef = 8141A39428180A90002CD861 /* FollowersLocationViewModel.swift */; };
		8141A39728182100002CD861 /* GendersPerAgeCollectionViewCell.swift in Sources */ = {isa = PBXBuildFile; fileRef = 8141A39628182100002CD861 /* GendersPerAgeCollectionViewCell.swift */; };
		8141A399281949D7002CD861 /* GendersPerAgeViewModel.swift in Sources */ = {isa = PBXBuildFile; fileRef = 8141A398281949D7002CD861 /* GendersPerAgeViewModel.swift */; };
		8141A39D2819EAB9002CD861 /* LikersGendersPerAgeCollectionViewCell.swift in Sources */ = {isa = PBXBuildFile; fileRef = 8141A39C2819EAB9002CD861 /* LikersGendersPerAgeCollectionViewCell.swift */; };
		8145375228291E9200413006 /* ChartsAvgLikesCommentsViewModel.swift in Sources */ = {isa = PBXBuildFile; fileRef = 8145375128291E9200413006 /* ChartsAvgLikesCommentsViewModel.swift */; };
		814537542829200400413006 /* ChartsCommentLikeView.swift in Sources */ = {isa = PBXBuildFile; fileRef = 814537532829200400413006 /* ChartsCommentLikeView.swift */; };
		814537562829301600413006 /* NotableUsersCollectionViewCell.swift in Sources */ = {isa = PBXBuildFile; fileRef = 814537552829301600413006 /* NotableUsersCollectionViewCell.swift */; };
		814537582829302B00413006 /* NotableLikersCollectionViewCell.swift in Sources */ = {isa = PBXBuildFile; fileRef = 814537572829302B00413006 /* NotableLikersCollectionViewCell.swift */; };
		816B192A280DE5CD0016BDE6 /* GetUserLog.swift in Sources */ = {isa = PBXBuildFile; fileRef = 816B1929280DE5CD0016BDE6 /* GetUserLog.swift */; };
		816B192C280DED050016BDE6 /* GetUser.swift in Sources */ = {isa = PBXBuildFile; fileRef = 816B192B280DED050016BDE6 /* GetUser.swift */; };
		816B192E280DF0C20016BDE6 /* JsonResponses.swift in Sources */ = {isa = PBXBuildFile; fileRef = 816B192D280DF0C20016BDE6 /* JsonResponses.swift */; };
		816B1934280EC4D40016BDE6 /* LoadingGif.swift in Sources */ = {isa = PBXBuildFile; fileRef = 816B1933280EC4D40016BDE6 /* LoadingGif.swift */; };
		8194A8A627F9BCA20048314B /* InfluencerFilterCollectionViewCell.swift in Sources */ = {isa = PBXBuildFile; fileRef = 8194A8A527F9BCA20048314B /* InfluencerFilterCollectionViewCell.swift */; };
		8194A8A827F9BCBF0048314B /* FollowersFilterCollectionViewCell.swift in Sources */ = {isa = PBXBuildFile; fileRef = 8194A8A727F9BCBF0048314B /* FollowersFilterCollectionViewCell.swift */; };
		8194A8AA27FA0F0E0048314B /* SearchWithFilter.swift in Sources */ = {isa = PBXBuildFile; fileRef = 8194A8A927FA0F0E0048314B /* SearchWithFilter.swift */; };
		8194A8AC27FA135B0048314B /* SearchWithFilterCellViewModel.swift in Sources */ = {isa = PBXBuildFile; fileRef = 8194A8AB27FA135B0048314B /* SearchWithFilterCellViewModel.swift */; };
		8194A8AE27FB9CFB0048314B /* data.json in Resources */ = {isa = PBXBuildFile; fileRef = 8194A8AD27FB9CFA0048314B /* data.json */; };
		8194A8B027FDB3010048314B /* Plan.swift in Sources */ = {isa = PBXBuildFile; fileRef = 8194A8AF27FDB3010048314B /* Plan.swift */; };
		8194A8B227FDB3940048314B /* PlanCellViewModel.swift in Sources */ = {isa = PBXBuildFile; fileRef = 8194A8B127FDB3940048314B /* PlanCellViewModel.swift */; };
		819C5CAF27CBDE6600DAB0FE /* ProfileCollectionViewCell.swift in Sources */ = {isa = PBXBuildFile; fileRef = 819C5CAE27CBDE6600DAB0FE /* ProfileCollectionViewCell.swift */; };
		819C5CB127CBE9CD00DAB0FE /* ProfileHeaderCollectionReusableView.swift in Sources */ = {isa = PBXBuildFile; fileRef = 819C5CB027CBE9CD00DAB0FE /* ProfileHeaderCollectionReusableView.swift */; };
		819CF16B281D37A100119E96 /* YoutubeReportDetailViewController.swift in Sources */ = {isa = PBXBuildFile; fileRef = 819CF16A281D37A100119E96 /* YoutubeReportDetailViewController.swift */; };
		819CF16D281D431300119E96 /* HeadInfosView.swift in Sources */ = {isa = PBXBuildFile; fileRef = 819CF16C281D431300119E96 /* HeadInfosView.swift */; };
		819CF16F281D464C00119E96 /* UserMetricsView.swift in Sources */ = {isa = PBXBuildFile; fileRef = 819CF16E281D464C00119E96 /* UserMetricsView.swift */; };
		819CF171281D5C3E00119E96 /* LastPostsView.swift in Sources */ = {isa = PBXBuildFile; fileRef = 819CF170281D5C3E00119E96 /* LastPostsView.swift */; };
		819CF173281D828D00119E96 /* YoutubeInfluencerFilterCollectionViewCell.swift in Sources */ = {isa = PBXBuildFile; fileRef = 819CF172281D828D00119E96 /* YoutubeInfluencerFilterCollectionViewCell.swift */; };
		819CF175281D82A000119E96 /* YoutubeFollowersFilterCollectionViewCell.swift in Sources */ = {isa = PBXBuildFile; fileRef = 819CF174281D82A000119E96 /* YoutubeFollowersFilterCollectionViewCell.swift */; };
		819CF177281D82B100119E96 /* TiktokInfluencerFilterCollectionViewCell.swift in Sources */ = {isa = PBXBuildFile; fileRef = 819CF176281D82B100119E96 /* TiktokInfluencerFilterCollectionViewCell.swift */; };
		819CF179281D82C700119E96 /* TiktokFollowersFilterCollectionViewCell.swift in Sources */ = {isa = PBXBuildFile; fileRef = 819CF178281D82C700119E96 /* TiktokFollowersFilterCollectionViewCell.swift */; };
		819FFBD227BCDD940083D3A2 /* Extensions.swift in Sources */ = {isa = PBXBuildFile; fileRef = 819FFBD127BCDD940083D3A2 /* Extensions.swift */; };
		819FFBD527BFD50C0083D3A2 /* BuyingOptionsCollectionViewCell.swift in Sources */ = {isa = PBXBuildFile; fileRef = 819FFBD427BFD50B0083D3A2 /* BuyingOptionsCollectionViewCell.swift */; };
		819FFBD827C253860083D3A2 /* MostVisitedReportsCollectionViewCell.swift in Sources */ = {isa = PBXBuildFile; fileRef = 819FFBD727C253860083D3A2 /* MostVisitedReportsCollectionViewCell.swift */; };
		819FFBDB27C2B8030083D3A2 /* SearchResultCollectionViewCell.swift in Sources */ = {isa = PBXBuildFile; fileRef = 819FFBDA27C2B8030083D3A2 /* SearchResultCollectionViewCell.swift */; };
		819FFBDE27C3AD2C0083D3A2 /* PastReportCollectionViewCell.swift in Sources */ = {isa = PBXBuildFile; fileRef = 819FFBDD27C3AD2C0083D3A2 /* PastReportCollectionViewCell.swift */; };
		81AF0289279E9A960054F4C5 /* AppDelegate.swift in Sources */ = {isa = PBXBuildFile; fileRef = 81AF0288279E9A960054F4C5 /* AppDelegate.swift */; };
		81AF028B279E9A960054F4C5 /* SceneDelegate.swift in Sources */ = {isa = PBXBuildFile; fileRef = 81AF028A279E9A960054F4C5 /* SceneDelegate.swift */; };
		81AF0292279E9A980054F4C5 /* Assets.xcassets in Resources */ = {isa = PBXBuildFile; fileRef = 81AF0291279E9A980054F4C5 /* Assets.xcassets */; };
		81AF0295279E9A980054F4C5 /* LaunchScreen.storyboard in Resources */ = {isa = PBXBuildFile; fileRef = 81AF0293279E9A980054F4C5 /* LaunchScreen.storyboard */; };
		81AF02A627A27E7E0054F4C5 /* TabBarController.swift in Sources */ = {isa = PBXBuildFile; fileRef = 81AF02A527A27E7E0054F4C5 /* TabBarController.swift */; };
		81AF02AA27A2836E0054F4C5 /* HomeViewController.swift in Sources */ = {isa = PBXBuildFile; fileRef = 81AF02A927A2836E0054F4C5 /* HomeViewController.swift */; };
		81AF02AD27A283D10054F4C5 /* BuyReportViewController.swift in Sources */ = {isa = PBXBuildFile; fileRef = 81AF02AC27A283D10054F4C5 /* BuyReportViewController.swift */; };
		81AF02B027A284070054F4C5 /* PastReportViewController.swift in Sources */ = {isa = PBXBuildFile; fileRef = 81AF02AF27A284070054F4C5 /* PastReportViewController.swift */; };
		81AF02B327A284140054F4C5 /* ProfileViewController.swift in Sources */ = {isa = PBXBuildFile; fileRef = 81AF02B227A284140054F4C5 /* ProfileViewController.swift */; };
		81B943B127C410CB00F4C376 /* SearchViewController.swift in Sources */ = {isa = PBXBuildFile; fileRef = 81B943B027C410CB00F4C376 /* SearchViewController.swift */; };
		81BAF0E528128902009E865D /* ReportDetailViewController.swift in Sources */ = {isa = PBXBuildFile; fileRef = 81BAF0E428128902009E865D /* ReportDetailViewController.swift */; };
		81BAF0E928128C99009E865D /* FirstDetailsCollectionViewCell.swift in Sources */ = {isa = PBXBuildFile; fileRef = 81BAF0E828128C99009E865D /* FirstDetailsCollectionViewCell.swift */; };
		81BAF0EB28128CBB009E865D /* PopularPostsCollectionViewCell.swift in Sources */ = {isa = PBXBuildFile; fileRef = 81BAF0EA28128CBB009E865D /* PopularPostsCollectionViewCell.swift */; };
		81BAF0EF28128D2B009E865D /* FirstDetailsCollectionReusableView.swift in Sources */ = {isa = PBXBuildFile; fileRef = 81BAF0EE28128D2B009E865D /* FirstDetailsCollectionReusableView.swift */; };
		81BAF0F128128D44009E865D /* PopularPostsCollectionReusableView.swift in Sources */ = {isa = PBXBuildFile; fileRef = 81BAF0F028128D44009E865D /* PopularPostsCollectionReusableView.swift */; };
		81BAF0F328128E7F009E865D /* ChartsCollectionViewCell.swift in Sources */ = {isa = PBXBuildFile; fileRef = 81BAF0F228128E7F009E865D /* ChartsCollectionViewCell.swift */; };
		81BAF0F528128E8D009E865D /* ChartsCollectionReusableView.swift in Sources */ = {isa = PBXBuildFile; fileRef = 81BAF0F428128E8D009E865D /* ChartsCollectionReusableView.swift */; };
		81BAF0F728129389009E865D /* ReportDetail.swift in Sources */ = {isa = PBXBuildFile; fileRef = 81BAF0F628129389009E865D /* ReportDetail.swift */; };
		81BAF0F9281299CE009E865D /* ReportDetailViewModel.swift in Sources */ = {isa = PBXBuildFile; fileRef = 81BAF0F8281299CE009E865D /* ReportDetailViewModel.swift */; };
		81BAF0FC2812AB8D009E865D /* FirstDetailViewModel.swift in Sources */ = {isa = PBXBuildFile; fileRef = 81BAF0FB2812AB8D009E865D /* FirstDetailViewModel.swift */; };
		81BAF0FE2812EE4A009E865D /* PopularPostViewModel.swift in Sources */ = {isa = PBXBuildFile; fileRef = 81BAF0FD2812EE4A009E865D /* PopularPostViewModel.swift */; };
		81BAF1002812EFCA009E865D /* AbbreviationsHelper.swift in Sources */ = {isa = PBXBuildFile; fileRef = 81BAF0FF2812EFCA009E865D /* AbbreviationsHelper.swift */; };
		81E9EDBD27E2225800FDA44B /* CustomSegmentedControl.swift in Sources */ = {isa = PBXBuildFile; fileRef = 81E9EDBC27E2225700FDA44B /* CustomSegmentedControl.swift */; };
		81E9EE0027E8E70800FDA44B /* WhatsInReportsViewController.swift in Sources */ = {isa = PBXBuildFile; fileRef = 81E9EDFF27E8E70800FDA44B /* WhatsInReportsViewController.swift */; };
		81E9EE0227E9475400FDA44B /* APICaller.swift in Sources */ = {isa = PBXBuildFile; fileRef = 81E9EE0127E9475400FDA44B /* APICaller.swift */; };
		81F61EF327F04E9600A91739 /* AuthManager.swift in Sources */ = {isa = PBXBuildFile; fileRef = 81F61EF227F04E9600A91739 /* AuthManager.swift */; };
		81F61EF527F068D900A91739 /* MostViews.swift in Sources */ = {isa = PBXBuildFile; fileRef = 81F61EF427F068D900A91739 /* MostViews.swift */; };
		81F61EF827F0890E00A91739 /* MostViewedProfileDataCellViewModel.swift in Sources */ = {isa = PBXBuildFile; fileRef = 81F61EF727F0890E00A91739 /* MostViewedProfileDataCellViewModel.swift */; };
		81F61EFA27F0C1F700A91739 /* SearchByUsername.swift in Sources */ = {isa = PBXBuildFile; fileRef = 81F61EF927F0C1F700A91739 /* SearchByUsername.swift */; };
		81F61EFC27F0D67700A91739 /* SearchByUsernameCellViewModel.swift in Sources */ = {isa = PBXBuildFile; fileRef = 81F61EFB27F0D67700A91739 /* SearchByUsernameCellViewModel.swift */; };
		81F61F0027F1E05900A91739 /* ProfileHeaderReusableViewModel.swift in Sources */ = {isa = PBXBuildFile; fileRef = 81F61EFF27F1E05900A91739 /* ProfileHeaderReusableViewModel.swift */; };
		81F61F0227F1FCD000A91739 /* MyReportsDateCollectionReusableView.swift in Sources */ = {isa = PBXBuildFile; fileRef = 81F61F0127F1FCD000A91739 /* MyReportsDateCollectionReusableView.swift */; };
		81F61F0427F2016700A91739 /* MyReportsPlatformCollectionReusableView.swift in Sources */ = {isa = PBXBuildFile; fileRef = 81F61F0327F2016700A91739 /* MyReportsPlatformCollectionReusableView.swift */; };
		81F61F0627F2671600A91739 /* MyReportsCollectionViewCellViewModel.swift in Sources */ = {isa = PBXBuildFile; fileRef = 81F61F0527F2671500A91739 /* MyReportsCollectionViewCellViewModel.swift */; };
		F06025910A5920A7648D5F2D /* Pods_Infpromo.framework in Frameworks */ = {isa = PBXBuildFile; fileRef = C84E101A320936BD85A17940 /* Pods_Infpromo.framework */; };
/* End PBXBuildFile section */

/* Begin PBXFileReference section */
		810AE0BF27D60EDA00F23713 /* LogInViewController.swift */ = {isa = PBXFileReference; lastKnownFileType = sourcecode.swift; path = LogInViewController.swift; sourceTree = "<group>"; };
		810AE0C127D60EE900F23713 /* SignUpViewController.swift */ = {isa = PBXFileReference; lastKnownFileType = sourcecode.swift; path = SignUpViewController.swift; sourceTree = "<group>"; };
		810AE0C427D641B400F23713 /* ProfileInformationsViewController.swift */ = {isa = PBXFileReference; lastKnownFileType = sourcecode.swift; path = ProfileInformationsViewController.swift; sourceTree = "<group>"; };
		810AE0C627D641F200F23713 /* ChangePswAndDeleteAccountViewController.swift */ = {isa = PBXFileReference; lastKnownFileType = sourcecode.swift; path = ChangePswAndDeleteAccountViewController.swift; sourceTree = "<group>"; };
		810AE0CC27D8B83D00F23713 /* ProfileInformationsCollectionViewCell.swift */ = {isa = PBXFileReference; lastKnownFileType = sourcecode.swift; path = ProfileInformationsCollectionViewCell.swift; sourceTree = "<group>"; };
		810AE0CE27D8E51D00F23713 /* SearchResultCollectionReusableView.swift */ = {isa = PBXFileReference; lastKnownFileType = sourcecode.swift; path = SearchResultCollectionReusableView.swift; sourceTree = "<group>"; };
		810AE0D027D9E61F00F23713 /* ProfileInformationCollectionReusableView.swift */ = {isa = PBXFileReference; lastKnownFileType = sourcecode.swift; path = ProfileInformationCollectionReusableView.swift; sourceTree = "<group>"; };
		811B0CD727CD13B9004730DA /* SearchHeadings.swift */ = {isa = PBXFileReference; lastKnownFileType = sourcecode.swift; path = SearchHeadings.swift; sourceTree = "<group>"; };
		81237AA82802BC5900CD3749 /* UserError.swift */ = {isa = PBXFileReference; lastKnownFileType = sourcecode.swift; path = UserError.swift; sourceTree = "<group>"; };
		81386A5327EA0D450051A886 /* User.swift */ = {isa = PBXFileReference; lastKnownFileType = sourcecode.swift; path = User.swift; sourceTree = "<group>"; };
		813C27F22810155B0009616D /* HapticsManager.swift */ = {isa = PBXFileReference; lastKnownFileType = sourcecode.swift; path = HapticsManager.swift; sourceTree = "<group>"; };
		813C27F42810863E0009616D /* ProfileInformationsCellViewModel.swift */ = {isa = PBXFileReference; lastKnownFileType = sourcecode.swift; path = ProfileInformationsCellViewModel.swift; sourceTree = "<group>"; };
		8141A35A281686CF002CD861 /* ChartsViewModel.swift */ = {isa = PBXFileReference; lastKnownFileType = sourcecode.swift; path = ChartsViewModel.swift; sourceTree = "<group>"; };
		8141A37C28173A05002CD861 /* HashtagsMentionsCollectionReusableView.swift */ = {isa = PBXFileReference; lastKnownFileType = sourcecode.swift; path = HashtagsMentionsCollectionReusableView.swift; sourceTree = "<group>"; };
		8141A37E28173A1C002CD861 /* HashtagsMentionsCollectionViewCell.swift */ = {isa = PBXFileReference; lastKnownFileType = sourcecode.swift; path = HashtagsMentionsCollectionViewCell.swift; sourceTree = "<group>"; };
		8141A3822817DD45002CD861 /* ChartsView.swift */ = {isa = PBXFileReference; lastKnownFileType = sourcecode.swift; path = ChartsView.swift; sourceTree = "<group>"; };
		8141A3842817E41D002CD861 /* TagsViewModel.swift */ = {isa = PBXFileReference; lastKnownFileType = sourcecode.swift; path = TagsViewModel.swift; sourceTree = "<group>"; };
		8141A3862817E706002CD861 /* HashtagsMentionsView.swift */ = {isa = PBXFileReference; lastKnownFileType = sourcecode.swift; path = HashtagsMentionsView.swift; sourceTree = "<group>"; };
		8141A3882817EA54002CD861 /* PercentsFollowersView.swift */ = {isa = PBXFileReference; lastKnownFileType = sourcecode.swift; path = PercentsFollowersView.swift; sourceTree = "<group>"; };
		8141A38A2817EE07002CD861 /* FollowersGenderDistributionView.swift */ = {isa = PBXFileReference; lastKnownFileType = sourcecode.swift; path = FollowersGenderDistributionView.swift; sourceTree = "<group>"; };
		8141A38C2817EEBE002CD861 /* ProgressBarWithInfos.swift */ = {isa = PBXFileReference; lastKnownFileType = sourcecode.swift; path = ProgressBarWithInfos.swift; sourceTree = "<group>"; };
		8141A38E2817F432002CD861 /* FollowersLocationView.swift */ = {isa = PBXFileReference; lastKnownFileType = sourcecode.swift; path = FollowersLocationView.swift; sourceTree = "<group>"; };
		8141A3902817FD54002CD861 /* CredibilityViewModel.swift */ = {isa = PBXFileReference; lastKnownFileType = sourcecode.swift; path = CredibilityViewModel.swift; sourceTree = "<group>"; };
		8141A39228180162002CD861 /* GendersViewModel.swift */ = {isa = PBXFileReference; lastKnownFileType = sourcecode.swift; path = GendersViewModel.swift; sourceTree = "<group>"; };
		8141A39428180A90002CD861 /* FollowersLocationViewModel.swift */ = {isa = PBXFileReference; lastKnownFileType = sourcecode.swift; path = FollowersLocationViewModel.swift; sourceTree = "<group>"; };
		8141A39628182100002CD861 /* GendersPerAgeCollectionViewCell.swift */ = {isa = PBXFileReference; lastKnownFileType = sourcecode.swift; path = GendersPerAgeCollectionViewCell.swift; sourceTree = "<group>"; };
		8141A398281949D7002CD861 /* GendersPerAgeViewModel.swift */ = {isa = PBXFileReference; lastKnownFileType = sourcecode.swift; path = GendersPerAgeViewModel.swift; sourceTree = "<group>"; };
		8141A39C2819EAB9002CD861 /* LikersGendersPerAgeCollectionViewCell.swift */ = {isa = PBXFileReference; lastKnownFileType = sourcecode.swift; path = LikersGendersPerAgeCollectionViewCell.swift; sourceTree = "<group>"; };
		8145375128291E9200413006 /* ChartsAvgLikesCommentsViewModel.swift */ = {isa = PBXFileReference; lastKnownFileType = sourcecode.swift; path = ChartsAvgLikesCommentsViewModel.swift; sourceTree = "<group>"; };
		814537532829200400413006 /* ChartsCommentLikeView.swift */ = {isa = PBXFileReference; lastKnownFileType = sourcecode.swift; path = ChartsCommentLikeView.swift; sourceTree = "<group>"; };
		814537552829301600413006 /* NotableUsersCollectionViewCell.swift */ = {isa = PBXFileReference; lastKnownFileType = sourcecode.swift; path = NotableUsersCollectionViewCell.swift; sourceTree = "<group>"; };
		814537572829302B00413006 /* NotableLikersCollectionViewCell.swift */ = {isa = PBXFileReference; lastKnownFileType = sourcecode.swift; path = NotableLikersCollectionViewCell.swift; sourceTree = "<group>"; };
		816B1929280DE5CD0016BDE6 /* GetUserLog.swift */ = {isa = PBXFileReference; lastKnownFileType = sourcecode.swift; path = GetUserLog.swift; sourceTree = "<group>"; };
		816B192B280DED050016BDE6 /* GetUser.swift */ = {isa = PBXFileReference; lastKnownFileType = sourcecode.swift; path = GetUser.swift; sourceTree = "<group>"; };
		816B192D280DF0C20016BDE6 /* JsonResponses.swift */ = {isa = PBXFileReference; lastKnownFileType = sourcecode.swift; path = JsonResponses.swift; sourceTree = "<group>"; };
		816B1933280EC4D40016BDE6 /* LoadingGif.swift */ = {isa = PBXFileReference; lastKnownFileType = sourcecode.swift; path = LoadingGif.swift; sourceTree = "<group>"; };
		8194A8A527F9BCA20048314B /* InfluencerFilterCollectionViewCell.swift */ = {isa = PBXFileReference; lastKnownFileType = sourcecode.swift; path = InfluencerFilterCollectionViewCell.swift; sourceTree = "<group>"; };
		8194A8A727F9BCBF0048314B /* FollowersFilterCollectionViewCell.swift */ = {isa = PBXFileReference; lastKnownFileType = sourcecode.swift; path = FollowersFilterCollectionViewCell.swift; sourceTree = "<group>"; };
		8194A8A927FA0F0E0048314B /* SearchWithFilter.swift */ = {isa = PBXFileReference; lastKnownFileType = sourcecode.swift; path = SearchWithFilter.swift; sourceTree = "<group>"; };
		8194A8AB27FA135B0048314B /* SearchWithFilterCellViewModel.swift */ = {isa = PBXFileReference; lastKnownFileType = sourcecode.swift; path = SearchWithFilterCellViewModel.swift; sourceTree = "<group>"; };
		8194A8AD27FB9CFA0048314B /* data.json */ = {isa = PBXFileReference; fileEncoding = 4; lastKnownFileType = text.json; path = data.json; sourceTree = "<group>"; };
		8194A8AF27FDB3010048314B /* Plan.swift */ = {isa = PBXFileReference; lastKnownFileType = sourcecode.swift; path = Plan.swift; sourceTree = "<group>"; };
		8194A8B127FDB3940048314B /* PlanCellViewModel.swift */ = {isa = PBXFileReference; lastKnownFileType = sourcecode.swift; path = PlanCellViewModel.swift; sourceTree = "<group>"; };
		819C5CAE27CBDE6600DAB0FE /* ProfileCollectionViewCell.swift */ = {isa = PBXFileReference; lastKnownFileType = sourcecode.swift; path = ProfileCollectionViewCell.swift; sourceTree = "<group>"; };
		819C5CB027CBE9CD00DAB0FE /* ProfileHeaderCollectionReusableView.swift */ = {isa = PBXFileReference; lastKnownFileType = sourcecode.swift; path = ProfileHeaderCollectionReusableView.swift; sourceTree = "<group>"; };
		819CF16A281D37A100119E96 /* YoutubeReportDetailViewController.swift */ = {isa = PBXFileReference; lastKnownFileType = sourcecode.swift; path = YoutubeReportDetailViewController.swift; sourceTree = "<group>"; };
		819CF16C281D431300119E96 /* HeadInfosView.swift */ = {isa = PBXFileReference; lastKnownFileType = sourcecode.swift; path = HeadInfosView.swift; sourceTree = "<group>"; };
		819CF16E281D464C00119E96 /* UserMetricsView.swift */ = {isa = PBXFileReference; lastKnownFileType = sourcecode.swift; path = UserMetricsView.swift; sourceTree = "<group>"; };
		819CF170281D5C3E00119E96 /* LastPostsView.swift */ = {isa = PBXFileReference; lastKnownFileType = sourcecode.swift; path = LastPostsView.swift; sourceTree = "<group>"; };
		819CF172281D828D00119E96 /* YoutubeInfluencerFilterCollectionViewCell.swift */ = {isa = PBXFileReference; lastKnownFileType = sourcecode.swift; path = YoutubeInfluencerFilterCollectionViewCell.swift; sourceTree = "<group>"; };
		819CF174281D82A000119E96 /* YoutubeFollowersFilterCollectionViewCell.swift */ = {isa = PBXFileReference; lastKnownFileType = sourcecode.swift; path = YoutubeFollowersFilterCollectionViewCell.swift; sourceTree = "<group>"; };
		819CF176281D82B100119E96 /* TiktokInfluencerFilterCollectionViewCell.swift */ = {isa = PBXFileReference; lastKnownFileType = sourcecode.swift; path = TiktokInfluencerFilterCollectionViewCell.swift; sourceTree = "<group>"; };
		819CF178281D82C700119E96 /* TiktokFollowersFilterCollectionViewCell.swift */ = {isa = PBXFileReference; lastKnownFileType = sourcecode.swift; path = TiktokFollowersFilterCollectionViewCell.swift; sourceTree = "<group>"; };
		819FFBD127BCDD940083D3A2 /* Extensions.swift */ = {isa = PBXFileReference; lastKnownFileType = sourcecode.swift; path = Extensions.swift; sourceTree = "<group>"; };
		819FFBD427BFD50B0083D3A2 /* BuyingOptionsCollectionViewCell.swift */ = {isa = PBXFileReference; lastKnownFileType = sourcecode.swift; path = BuyingOptionsCollectionViewCell.swift; sourceTree = "<group>"; };
		819FFBD727C253860083D3A2 /* MostVisitedReportsCollectionViewCell.swift */ = {isa = PBXFileReference; lastKnownFileType = sourcecode.swift; path = MostVisitedReportsCollectionViewCell.swift; sourceTree = "<group>"; };
		819FFBDA27C2B8030083D3A2 /* SearchResultCollectionViewCell.swift */ = {isa = PBXFileReference; lastKnownFileType = sourcecode.swift; path = SearchResultCollectionViewCell.swift; sourceTree = "<group>"; };
		819FFBDD27C3AD2C0083D3A2 /* PastReportCollectionViewCell.swift */ = {isa = PBXFileReference; lastKnownFileType = sourcecode.swift; path = PastReportCollectionViewCell.swift; sourceTree = "<group>"; };
		81AF0285279E9A960054F4C5 /* Infpromo.app */ = {isa = PBXFileReference; explicitFileType = wrapper.application; includeInIndex = 0; path = Infpromo.app; sourceTree = BUILT_PRODUCTS_DIR; };
		81AF0288279E9A960054F4C5 /* AppDelegate.swift */ = {isa = PBXFileReference; lastKnownFileType = sourcecode.swift; path = AppDelegate.swift; sourceTree = "<group>"; };
		81AF028A279E9A960054F4C5 /* SceneDelegate.swift */ = {isa = PBXFileReference; lastKnownFileType = sourcecode.swift; path = SceneDelegate.swift; sourceTree = "<group>"; };
		81AF0291279E9A980054F4C5 /* Assets.xcassets */ = {isa = PBXFileReference; lastKnownFileType = folder.assetcatalog; path = Assets.xcassets; sourceTree = "<group>"; };
		81AF0294279E9A980054F4C5 /* Base */ = {isa = PBXFileReference; lastKnownFileType = file.storyboard; name = Base; path = Base.lproj/LaunchScreen.storyboard; sourceTree = "<group>"; };
		81AF0296279E9A980054F4C5 /* Info.plist */ = {isa = PBXFileReference; lastKnownFileType = text.plist.xml; path = Info.plist; sourceTree = "<group>"; };
		81AF02A527A27E7E0054F4C5 /* TabBarController.swift */ = {isa = PBXFileReference; lastKnownFileType = sourcecode.swift; path = TabBarController.swift; sourceTree = "<group>"; };
		81AF02A927A2836E0054F4C5 /* HomeViewController.swift */ = {isa = PBXFileReference; lastKnownFileType = sourcecode.swift; path = HomeViewController.swift; sourceTree = "<group>"; };
		81AF02AC27A283D10054F4C5 /* BuyReportViewController.swift */ = {isa = PBXFileReference; lastKnownFileType = sourcecode.swift; path = BuyReportViewController.swift; sourceTree = "<group>"; };
		81AF02AF27A284070054F4C5 /* PastReportViewController.swift */ = {isa = PBXFileReference; lastKnownFileType = sourcecode.swift; path = PastReportViewController.swift; sourceTree = "<group>"; };
		81AF02B227A284140054F4C5 /* ProfileViewController.swift */ = {isa = PBXFileReference; lastKnownFileType = sourcecode.swift; path = ProfileViewController.swift; sourceTree = "<group>"; };
		81B943B027C410CB00F4C376 /* SearchViewController.swift */ = {isa = PBXFileReference; lastKnownFileType = sourcecode.swift; path = SearchViewController.swift; sourceTree = "<group>"; };
		81BAF0E428128902009E865D /* ReportDetailViewController.swift */ = {isa = PBXFileReference; lastKnownFileType = sourcecode.swift; path = ReportDetailViewController.swift; sourceTree = "<group>"; };
		81BAF0E828128C99009E865D /* FirstDetailsCollectionViewCell.swift */ = {isa = PBXFileReference; lastKnownFileType = sourcecode.swift; path = FirstDetailsCollectionViewCell.swift; sourceTree = "<group>"; };
		81BAF0EA28128CBB009E865D /* PopularPostsCollectionViewCell.swift */ = {isa = PBXFileReference; lastKnownFileType = sourcecode.swift; path = PopularPostsCollectionViewCell.swift; sourceTree = "<group>"; };
		81BAF0EE28128D2B009E865D /* FirstDetailsCollectionReusableView.swift */ = {isa = PBXFileReference; lastKnownFileType = sourcecode.swift; path = FirstDetailsCollectionReusableView.swift; sourceTree = "<group>"; };
		81BAF0F028128D44009E865D /* PopularPostsCollectionReusableView.swift */ = {isa = PBXFileReference; lastKnownFileType = sourcecode.swift; path = PopularPostsCollectionReusableView.swift; sourceTree = "<group>"; };
		81BAF0F228128E7F009E865D /* ChartsCollectionViewCell.swift */ = {isa = PBXFileReference; lastKnownFileType = sourcecode.swift; path = ChartsCollectionViewCell.swift; sourceTree = "<group>"; };
		81BAF0F428128E8D009E865D /* ChartsCollectionReusableView.swift */ = {isa = PBXFileReference; lastKnownFileType = sourcecode.swift; path = ChartsCollectionReusableView.swift; sourceTree = "<group>"; };
		81BAF0F628129389009E865D /* ReportDetail.swift */ = {isa = PBXFileReference; lastKnownFileType = sourcecode.swift; path = ReportDetail.swift; sourceTree = "<group>"; };
		81BAF0F8281299CE009E865D /* ReportDetailViewModel.swift */ = {isa = PBXFileReference; lastKnownFileType = sourcecode.swift; path = ReportDetailViewModel.swift; sourceTree = "<group>"; };
		81BAF0FB2812AB8D009E865D /* FirstDetailViewModel.swift */ = {isa = PBXFileReference; lastKnownFileType = sourcecode.swift; path = FirstDetailViewModel.swift; sourceTree = "<group>"; };
		81BAF0FD2812EE4A009E865D /* PopularPostViewModel.swift */ = {isa = PBXFileReference; lastKnownFileType = sourcecode.swift; path = PopularPostViewModel.swift; sourceTree = "<group>"; };
		81BAF0FF2812EFCA009E865D /* AbbreviationsHelper.swift */ = {isa = PBXFileReference; lastKnownFileType = sourcecode.swift; path = AbbreviationsHelper.swift; sourceTree = "<group>"; };
		81E9EDBC27E2225700FDA44B /* CustomSegmentedControl.swift */ = {isa = PBXFileReference; lastKnownFileType = sourcecode.swift; path = CustomSegmentedControl.swift; sourceTree = "<group>"; };
		81E9EDFF27E8E70800FDA44B /* WhatsInReportsViewController.swift */ = {isa = PBXFileReference; lastKnownFileType = sourcecode.swift; path = WhatsInReportsViewController.swift; sourceTree = "<group>"; };
		81E9EE0127E9475400FDA44B /* APICaller.swift */ = {isa = PBXFileReference; lastKnownFileType = sourcecode.swift; path = APICaller.swift; sourceTree = "<group>"; };
		81F61EF227F04E9600A91739 /* AuthManager.swift */ = {isa = PBXFileReference; lastKnownFileType = sourcecode.swift; path = AuthManager.swift; sourceTree = "<group>"; };
		81F61EF427F068D900A91739 /* MostViews.swift */ = {isa = PBXFileReference; lastKnownFileType = sourcecode.swift; path = MostViews.swift; sourceTree = "<group>"; };
		81F61EF727F0890E00A91739 /* MostViewedProfileDataCellViewModel.swift */ = {isa = PBXFileReference; lastKnownFileType = sourcecode.swift; path = MostViewedProfileDataCellViewModel.swift; sourceTree = "<group>"; };
		81F61EF927F0C1F700A91739 /* SearchByUsername.swift */ = {isa = PBXFileReference; lastKnownFileType = sourcecode.swift; path = SearchByUsername.swift; sourceTree = "<group>"; };
		81F61EFB27F0D67700A91739 /* SearchByUsernameCellViewModel.swift */ = {isa = PBXFileReference; lastKnownFileType = sourcecode.swift; path = SearchByUsernameCellViewModel.swift; sourceTree = "<group>"; };
		81F61EFF27F1E05900A91739 /* ProfileHeaderReusableViewModel.swift */ = {isa = PBXFileReference; lastKnownFileType = sourcecode.swift; path = ProfileHeaderReusableViewModel.swift; sourceTree = "<group>"; };
		81F61F0127F1FCD000A91739 /* MyReportsDateCollectionReusableView.swift */ = {isa = PBXFileReference; lastKnownFileType = sourcecode.swift; path = MyReportsDateCollectionReusableView.swift; sourceTree = "<group>"; };
		81F61F0327F2016700A91739 /* MyReportsPlatformCollectionReusableView.swift */ = {isa = PBXFileReference; lastKnownFileType = sourcecode.swift; path = MyReportsPlatformCollectionReusableView.swift; sourceTree = "<group>"; };
		81F61F0527F2671500A91739 /* MyReportsCollectionViewCellViewModel.swift */ = {isa = PBXFileReference; lastKnownFileType = sourcecode.swift; path = MyReportsCollectionViewCellViewModel.swift; sourceTree = "<group>"; };
		BC734F21705DF100D3A3D68A /* Pods-Infpromo.debug.xcconfig */ = {isa = PBXFileReference; includeInIndex = 1; lastKnownFileType = text.xcconfig; name = "Pods-Infpromo.debug.xcconfig"; path = "Target Support Files/Pods-Infpromo/Pods-Infpromo.debug.xcconfig"; sourceTree = "<group>"; };
		C84E101A320936BD85A17940 /* Pods_Infpromo.framework */ = {isa = PBXFileReference; explicitFileType = wrapper.framework; includeInIndex = 0; path = Pods_Infpromo.framework; sourceTree = BUILT_PRODUCTS_DIR; };
		F5FF43F1F362BFEEEE70A3A1 /* Pods-Infpromo.release.xcconfig */ = {isa = PBXFileReference; includeInIndex = 1; lastKnownFileType = text.xcconfig; name = "Pods-Infpromo.release.xcconfig"; path = "Target Support Files/Pods-Infpromo/Pods-Infpromo.release.xcconfig"; sourceTree = "<group>"; };
/* End PBXFileReference section */

/* Begin PBXFrameworksBuildPhase section */
		81AF0282279E9A960054F4C5 /* Frameworks */ = {
			isa = PBXFrameworksBuildPhase;
			buildActionMask = 2147483647;
			files = (
				F06025910A5920A7648D5F2D /* Pods_Infpromo.framework in Frameworks */,
			);
			runOnlyForDeploymentPostprocessing = 0;
		};
/* End PBXFrameworksBuildPhase section */

/* Begin PBXGroup section */
		810AE0BE27D60EB500F23713 /* LogIn-SignUp */ = {
			isa = PBXGroup;
			children = (
				810AE0BF27D60EDA00F23713 /* LogInViewController.swift */,
				810AE0C127D60EE900F23713 /* SignUpViewController.swift */,
			);
			path = "LogIn-SignUp";
			sourceTree = "<group>";
		};
		810AE0C327D6418500F23713 /* ProfileExtra */ = {
			isa = PBXGroup;
			children = (
				810AE0C427D641B400F23713 /* ProfileInformationsViewController.swift */,
				810AE0C627D641F200F23713 /* ChangePswAndDeleteAccountViewController.swift */,
			);
			path = ProfileExtra;
			sourceTree = "<group>";
		};
		819C5CDE27CCF18500DAB0FE /* Search */ = {
			isa = PBXGroup;
			children = (
				81B943B027C410CB00F4C376 /* SearchViewController.swift */,
			);
			path = Search;
			sourceTree = "<group>";
		};
		81AF027C279E9A960054F4C5 = {
			isa = PBXGroup;
			children = (
				81AF0287279E9A960054F4C5 /* Infpromo */,
				81AF0286279E9A960054F4C5 /* Products */,
				C4BB032CB057ADE7C7180B74 /* Pods */,
				DE7C2CE7B03B31575DE6707F /* Frameworks */,
			);
			sourceTree = "<group>";
		};
		81AF0286279E9A960054F4C5 /* Products */ = {
			isa = PBXGroup;
			children = (
				81AF0285279E9A960054F4C5 /* Infpromo.app */,
			);
			name = Products;
			sourceTree = "<group>";
		};
		81AF0287279E9A960054F4C5 /* Infpromo */ = {
			isa = PBXGroup;
			children = (
				81AF029F27A27CDB0054F4C5 /* Resources */,
				81E9EDBB27E2221900FDA44B /* Helpers */,
				81AF02A027A27CE60054F4C5 /* Managers */,
				81AF02A127A27CF00054F4C5 /* Models */,
				81F61EF627F088D100A91739 /* ViewModel */,
				81AF02A227A27CF70054F4C5 /* Views */,
				81AF02A327A27CFD0054F4C5 /* Controllers */,
				81AF0296279E9A980054F4C5 /* Info.plist */,
				8194A8AD27FB9CFA0048314B /* data.json */,
			);
			path = Infpromo;
			sourceTree = "<group>";
		};
		81AF029F27A27CDB0054F4C5 /* Resources */ = {
			isa = PBXGroup;
			children = (
				81AF0288279E9A960054F4C5 /* AppDelegate.swift */,
				81AF028A279E9A960054F4C5 /* SceneDelegate.swift */,
				81AF0291279E9A980054F4C5 /* Assets.xcassets */,
				81AF0293279E9A980054F4C5 /* LaunchScreen.storyboard */,
			);
			path = Resources;
			sourceTree = "<group>";
		};
		81AF02A027A27CE60054F4C5 /* Managers */ = {
			isa = PBXGroup;
			children = (
				81F61EF227F04E9600A91739 /* AuthManager.swift */,
				81E9EE0127E9475400FDA44B /* APICaller.swift */,
				813C27F22810155B0009616D /* HapticsManager.swift */,
			);
			path = Managers;
			sourceTree = "<group>";
		};
		81AF02A127A27CF00054F4C5 /* Models */ = {
			isa = PBXGroup;
			children = (
				81386A5327EA0D450051A886 /* User.swift */,
				81F61EF427F068D900A91739 /* MostViews.swift */,
				816B192B280DED050016BDE6 /* GetUser.swift */,
				816B1929280DE5CD0016BDE6 /* GetUserLog.swift */,
				811B0CD727CD13B9004730DA /* SearchHeadings.swift */,
				81F61EF927F0C1F700A91739 /* SearchByUsername.swift */,
				8194A8A927FA0F0E0048314B /* SearchWithFilter.swift */,
				8194A8AF27FDB3010048314B /* Plan.swift */,
				81237AA82802BC5900CD3749 /* UserError.swift */,
				816B192D280DF0C20016BDE6 /* JsonResponses.swift */,
				81BAF0F628129389009E865D /* ReportDetail.swift */,
			);
			path = Models;
			sourceTree = "<group>";
		};
		81AF02A227A27CF70054F4C5 /* Views */ = {
			isa = PBXGroup;
			children = (
				81BAF0E728128C65009E865D /* ReportDetail */,
				81E9EDB627DA2C6000FDA44B /* Home */,
				81E9EDB727DA2C8900FDA44B /* MyReports */,
				81E9EDB827DA2C9E00FDA44B /* BuyReports */,
				81E9EDB927DA2CBD00FDA44B /* Profile */,
				81E9EDBA27DA2CCB00FDA44B /* Search */,
			);
			path = Views;
			sourceTree = "<group>";
		};
		81AF02A327A27CFD0054F4C5 /* Controllers */ = {
			isa = PBXGroup;
			children = (
				81BAF0E628128907009E865D /* ReportDetail */,
				810AE0BE27D60EB500F23713 /* LogIn-SignUp */,
				819C5CDE27CCF18500DAB0FE /* Search */,
				81AF02A427A27E430054F4C5 /* Core */,
				810AE0C327D6418500F23713 /* ProfileExtra */,
				81E9EDFE27E8E6B800FDA44B /* BuyReportExtra */,
			);
			path = Controllers;
			sourceTree = "<group>";
		};
		81AF02A427A27E430054F4C5 /* Core */ = {
			isa = PBXGroup;
			children = (
				81AF02A527A27E7E0054F4C5 /* TabBarController.swift */,
				81AF02A927A2836E0054F4C5 /* HomeViewController.swift */,
				81AF02AF27A284070054F4C5 /* PastReportViewController.swift */,
				81AF02AC27A283D10054F4C5 /* BuyReportViewController.swift */,
				81AF02B227A284140054F4C5 /* ProfileViewController.swift */,
			);
			path = Core;
			sourceTree = "<group>";
		};
		81BAF0E628128907009E865D /* ReportDetail */ = {
			isa = PBXGroup;
			children = (
				81BAF0E428128902009E865D /* ReportDetailViewController.swift */,
				819CF16A281D37A100119E96 /* YoutubeReportDetailViewController.swift */,
			);
			path = ReportDetail;
			sourceTree = "<group>";
		};
		81BAF0E728128C65009E865D /* ReportDetail */ = {
			isa = PBXGroup;
			children = (
				8141A3822817DD45002CD861 /* ChartsView.swift */,
				814537532829200400413006 /* ChartsCommentLikeView.swift */,
				8141A3862817E706002CD861 /* HashtagsMentionsView.swift */,
				8141A3882817EA54002CD861 /* PercentsFollowersView.swift */,
				8141A38A2817EE07002CD861 /* FollowersGenderDistributionView.swift */,
				8141A38E2817F432002CD861 /* FollowersLocationView.swift */,
				81BAF0EC28128CF8009E865D /* Cells */,
				81BAF0ED28128D07009E865D /* SupplemantaryViews */,
				819CF16C281D431300119E96 /* HeadInfosView.swift */,
				819CF16E281D464C00119E96 /* UserMetricsView.swift */,
				819CF170281D5C3E00119E96 /* LastPostsView.swift */,
			);
			path = ReportDetail;
			sourceTree = "<group>";
		};
		81BAF0EC28128CF8009E865D /* Cells */ = {
			isa = PBXGroup;
			children = (
				81BAF0E828128C99009E865D /* FirstDetailsCollectionViewCell.swift */,
				81BAF0EA28128CBB009E865D /* PopularPostsCollectionViewCell.swift */,
				81BAF0F228128E7F009E865D /* ChartsCollectionViewCell.swift */,
				8141A37E28173A1C002CD861 /* HashtagsMentionsCollectionViewCell.swift */,
				8141A39628182100002CD861 /* GendersPerAgeCollectionViewCell.swift */,
				8141A39C2819EAB9002CD861 /* LikersGendersPerAgeCollectionViewCell.swift */,
				814537552829301600413006 /* NotableUsersCollectionViewCell.swift */,
				814537572829302B00413006 /* NotableLikersCollectionViewCell.swift */,
			);
			path = Cells;
			sourceTree = "<group>";
		};
		81BAF0ED28128D07009E865D /* SupplemantaryViews */ = {
			isa = PBXGroup;
			children = (
				81BAF0EE28128D2B009E865D /* FirstDetailsCollectionReusableView.swift */,
				81BAF0F028128D44009E865D /* PopularPostsCollectionReusableView.swift */,
				81BAF0F428128E8D009E865D /* ChartsCollectionReusableView.swift */,
				8141A37C28173A05002CD861 /* HashtagsMentionsCollectionReusableView.swift */,
			);
			path = SupplemantaryViews;
			sourceTree = "<group>";
		};
		81BAF0FA2812AB5C009E865D /* InfluencerReportViewModel */ = {
			isa = PBXGroup;
			children = (
				81BAF0F8281299CE009E865D /* ReportDetailViewModel.swift */,
				81BAF0FB2812AB8D009E865D /* FirstDetailViewModel.swift */,
				81BAF0FD2812EE4A009E865D /* PopularPostViewModel.swift */,
				8141A35A281686CF002CD861 /* ChartsViewModel.swift */,
				8141A3842817E41D002CD861 /* TagsViewModel.swift */,
				8141A3902817FD54002CD861 /* CredibilityViewModel.swift */,
				8141A39228180162002CD861 /* GendersViewModel.swift */,
				8141A39428180A90002CD861 /* FollowersLocationViewModel.swift */,
				8141A398281949D7002CD861 /* GendersPerAgeViewModel.swift */,
				8145375128291E9200413006 /* ChartsAvgLikesCommentsViewModel.swift */,
			);
			path = InfluencerReportViewModel;
			sourceTree = "<group>";
		};
		81BAF1012813F32D009E865D /* OtherViewModels */ = {
			isa = PBXGroup;
			children = (
				81F61EF727F0890E00A91739 /* MostViewedProfileDataCellViewModel.swift */,
				81F61EFB27F0D67700A91739 /* SearchByUsernameCellViewModel.swift */,
				8194A8AB27FA135B0048314B /* SearchWithFilterCellViewModel.swift */,
				81F61EFF27F1E05900A91739 /* ProfileHeaderReusableViewModel.swift */,
				81F61F0527F2671500A91739 /* MyReportsCollectionViewCellViewModel.swift */,
				8194A8B127FDB3940048314B /* PlanCellViewModel.swift */,
				813C27F42810863E0009616D /* ProfileInformationsCellViewModel.swift */,
			);
			path = OtherViewModels;
			sourceTree = "<group>";
		};
		81E9EDB627DA2C6000FDA44B /* Home */ = {
			isa = PBXGroup;
			children = (
				819FFBD727C253860083D3A2 /* MostVisitedReportsCollectionViewCell.swift */,
				819FFBDA27C2B8030083D3A2 /* SearchResultCollectionViewCell.swift */,
				810AE0CE27D8E51D00F23713 /* SearchResultCollectionReusableView.swift */,
			);
			path = Home;
			sourceTree = "<group>";
		};
		81E9EDB727DA2C8900FDA44B /* MyReports */ = {
			isa = PBXGroup;
			children = (
				819FFBDD27C3AD2C0083D3A2 /* PastReportCollectionViewCell.swift */,
				81F61F0127F1FCD000A91739 /* MyReportsDateCollectionReusableView.swift */,
				81F61F0327F2016700A91739 /* MyReportsPlatformCollectionReusableView.swift */,
			);
			path = MyReports;
			sourceTree = "<group>";
		};
		81E9EDB827DA2C9E00FDA44B /* BuyReports */ = {
			isa = PBXGroup;
			children = (
				819FFBD427BFD50B0083D3A2 /* BuyingOptionsCollectionViewCell.swift */,
			);
			path = BuyReports;
			sourceTree = "<group>";
		};
		81E9EDB927DA2CBD00FDA44B /* Profile */ = {
			isa = PBXGroup;
			children = (
				819C5CAE27CBDE6600DAB0FE /* ProfileCollectionViewCell.swift */,
				819C5CB027CBE9CD00DAB0FE /* ProfileHeaderCollectionReusableView.swift */,
				810AE0CC27D8B83D00F23713 /* ProfileInformationsCollectionViewCell.swift */,
				810AE0D027D9E61F00F23713 /* ProfileInformationCollectionReusableView.swift */,
			);
			path = Profile;
			sourceTree = "<group>";
		};
		81E9EDBA27DA2CCB00FDA44B /* Search */ = {
			isa = PBXGroup;
			children = (
				8194A8A527F9BCA20048314B /* InfluencerFilterCollectionViewCell.swift */,
				8194A8A727F9BCBF0048314B /* FollowersFilterCollectionViewCell.swift */,
				819CF172281D828D00119E96 /* YoutubeInfluencerFilterCollectionViewCell.swift */,
				819CF174281D82A000119E96 /* YoutubeFollowersFilterCollectionViewCell.swift */,
				819CF176281D82B100119E96 /* TiktokInfluencerFilterCollectionViewCell.swift */,
				819CF178281D82C700119E96 /* TiktokFollowersFilterCollectionViewCell.swift */,
			);
			path = Search;
			sourceTree = "<group>";
		};
		81E9EDBB27E2221900FDA44B /* Helpers */ = {
			isa = PBXGroup;
			children = (
				81E9EDBC27E2225700FDA44B /* CustomSegmentedControl.swift */,
				819FFBD127BCDD940083D3A2 /* Extensions.swift */,
				816B1933280EC4D40016BDE6 /* LoadingGif.swift */,
				81BAF0FF2812EFCA009E865D /* AbbreviationsHelper.swift */,
				8141A38C2817EEBE002CD861 /* ProgressBarWithInfos.swift */,
			);
			path = Helpers;
			sourceTree = "<group>";
		};
		81E9EDFE27E8E6B800FDA44B /* BuyReportExtra */ = {
			isa = PBXGroup;
			children = (
				81E9EDFF27E8E70800FDA44B /* WhatsInReportsViewController.swift */,
			);
			path = BuyReportExtra;
			sourceTree = "<group>";
		};
		81F61EF627F088D100A91739 /* ViewModel */ = {
			isa = PBXGroup;
			children = (
				81BAF0FA2812AB5C009E865D /* InfluencerReportViewModel */,
				81BAF1012813F32D009E865D /* OtherViewModels */,
			);
			path = ViewModel;
			sourceTree = "<group>";
		};
		C4BB032CB057ADE7C7180B74 /* Pods */ = {
			isa = PBXGroup;
			children = (
				BC734F21705DF100D3A3D68A /* Pods-Infpromo.debug.xcconfig */,
				F5FF43F1F362BFEEEE70A3A1 /* Pods-Infpromo.release.xcconfig */,
			);
			path = Pods;
			sourceTree = "<group>";
		};
		DE7C2CE7B03B31575DE6707F /* Frameworks */ = {
			isa = PBXGroup;
			children = (
				C84E101A320936BD85A17940 /* Pods_Infpromo.framework */,
			);
			name = Frameworks;
			sourceTree = "<group>";
		};
/* End PBXGroup section */

/* Begin PBXNativeTarget section */
		81AF0284279E9A960054F4C5 /* Infpromo */ = {
			isa = PBXNativeTarget;
			buildConfigurationList = 81AF0299279E9A980054F4C5 /* Build configuration list for PBXNativeTarget "Infpromo" */;
			buildPhases = (
				210FEA96BB3163E4900AF94C /* [CP] Check Pods Manifest.lock */,
				81AF0281279E9A960054F4C5 /* Sources */,
				81AF0282279E9A960054F4C5 /* Frameworks */,
				81AF0283279E9A960054F4C5 /* Resources */,
				BAC11D003C13EAEED5FECDF9 /* [CP] Embed Pods Frameworks */,
			);
			buildRules = (
			);
			dependencies = (
			);
			name = Infpromo;
			productName = Infpromo;
			productReference = 81AF0285279E9A960054F4C5 /* Infpromo.app */;
			productType = "com.apple.product-type.application";
		};
/* End PBXNativeTarget section */

/* Begin PBXProject section */
		81AF027D279E9A960054F4C5 /* Project object */ = {
			isa = PBXProject;
			attributes = {
				LastSwiftUpdateCheck = 1240;
				LastUpgradeCheck = 1240;
				TargetAttributes = {
					81AF0284279E9A960054F4C5 = {
						CreatedOnToolsVersion = 12.4;
					};
				};
			};
			buildConfigurationList = 81AF0280279E9A960054F4C5 /* Build configuration list for PBXProject "Infpromo" */;
			compatibilityVersion = "Xcode 9.3";
			developmentRegion = en;
			hasScannedForEncodings = 0;
			knownRegions = (
				en,
				Base,
			);
			mainGroup = 81AF027C279E9A960054F4C5;
			productRefGroup = 81AF0286279E9A960054F4C5 /* Products */;
			projectDirPath = "";
			projectRoot = "";
			targets = (
				81AF0284279E9A960054F4C5 /* Infpromo */,
			);
		};
/* End PBXProject section */

/* Begin PBXResourcesBuildPhase section */
		81AF0283279E9A960054F4C5 /* Resources */ = {
			isa = PBXResourcesBuildPhase;
			buildActionMask = 2147483647;
			files = (
				81AF0295279E9A980054F4C5 /* LaunchScreen.storyboard in Resources */,
				8194A8AE27FB9CFB0048314B /* data.json in Resources */,
				81AF0292279E9A980054F4C5 /* Assets.xcassets in Resources */,
			);
			runOnlyForDeploymentPostprocessing = 0;
		};
/* End PBXResourcesBuildPhase section */

/* Begin PBXShellScriptBuildPhase section */
		210FEA96BB3163E4900AF94C /* [CP] Check Pods Manifest.lock */ = {
			isa = PBXShellScriptBuildPhase;
			buildActionMask = 2147483647;
			files = (
			);
			inputFileListPaths = (
			);
			inputPaths = (
				"${PODS_PODFILE_DIR_PATH}/Podfile.lock",
				"${PODS_ROOT}/Manifest.lock",
			);
			name = "[CP] Check Pods Manifest.lock";
			outputFileListPaths = (
			);
			outputPaths = (
				"$(DERIVED_FILE_DIR)/Pods-Infpromo-checkManifestLockResult.txt",
			);
			runOnlyForDeploymentPostprocessing = 0;
			shellPath = /bin/sh;
			shellScript = "diff \"${PODS_PODFILE_DIR_PATH}/Podfile.lock\" \"${PODS_ROOT}/Manifest.lock\" > /dev/null\nif [ $? != 0 ] ; then\n    # print error to STDERR\n    echo \"error: The sandbox is not in sync with the Podfile.lock. Run 'pod install' or update your CocoaPods installation.\" >&2\n    exit 1\nfi\n# This output is used by Xcode 'outputs' to avoid re-running this script phase.\necho \"SUCCESS\" > \"${SCRIPT_OUTPUT_FILE_0}\"\n";
			showEnvVarsInLog = 0;
		};
		BAC11D003C13EAEED5FECDF9 /* [CP] Embed Pods Frameworks */ = {
			isa = PBXShellScriptBuildPhase;
			buildActionMask = 2147483647;
			files = (
			);
			inputFileListPaths = (
				"${PODS_ROOT}/Target Support Files/Pods-Infpromo/Pods-Infpromo-frameworks-${CONFIGURATION}-input-files.xcfilelist",
			);
			name = "[CP] Embed Pods Frameworks";
			outputFileListPaths = (
				"${PODS_ROOT}/Target Support Files/Pods-Infpromo/Pods-Infpromo-frameworks-${CONFIGURATION}-output-files.xcfilelist",
			);
			runOnlyForDeploymentPostprocessing = 0;
			shellPath = /bin/sh;
			shellScript = "\"${PODS_ROOT}/Target Support Files/Pods-Infpromo/Pods-Infpromo-frameworks.sh\"\n";
			showEnvVarsInLog = 0;
		};
/* End PBXShellScriptBuildPhase section */

/* Begin PBXSourcesBuildPhase section */
		81AF0281279E9A960054F4C5 /* Sources */ = {
			isa = PBXSourcesBuildPhase;
			buildActionMask = 2147483647;
			files = (
				819FFBDE27C3AD2C0083D3A2 /* PastReportCollectionViewCell.swift in Sources */,
				814537582829302B00413006 /* NotableLikersCollectionViewCell.swift in Sources */,
				8194A8AA27FA0F0E0048314B /* SearchWithFilter.swift in Sources */,
				814537542829200400413006 /* ChartsCommentLikeView.swift in Sources */,
				8194A8B027FDB3010048314B /* Plan.swift in Sources */,
				819CF16D281D431300119E96 /* HeadInfosView.swift in Sources */,
				816B192C280DED050016BDE6 /* GetUser.swift in Sources */,
				81BAF0F528128E8D009E865D /* ChartsCollectionReusableView.swift in Sources */,
				816B192E280DF0C20016BDE6 /* JsonResponses.swift in Sources */,
				8141A39528180A90002CD861 /* FollowersLocationViewModel.swift in Sources */,
				8141A38F2817F432002CD861 /* FollowersLocationView.swift in Sources */,
				81AF02AA27A2836E0054F4C5 /* HomeViewController.swift in Sources */,
				813C27F32810155B0009616D /* HapticsManager.swift in Sources */,
				819CF177281D82B100119E96 /* TiktokInfluencerFilterCollectionViewCell.swift in Sources */,
				819CF173281D828D00119E96 /* YoutubeInfluencerFilterCollectionViewCell.swift in Sources */,
				819C5CAF27CBDE6600DAB0FE /* ProfileCollectionViewCell.swift in Sources */,
				81E9EE0027E8E70800FDA44B /* WhatsInReportsViewController.swift in Sources */,
				81AF02B027A284070054F4C5 /* PastReportViewController.swift in Sources */,
				81BAF1002812EFCA009E865D /* AbbreviationsHelper.swift in Sources */,
				8141A3912817FD54002CD861 /* CredibilityViewModel.swift in Sources */,
				819FFBD827C253860083D3A2 /* MostVisitedReportsCollectionViewCell.swift in Sources */,
				819CF16F281D464C00119E96 /* UserMetricsView.swift in Sources */,
				8141A3872817E706002CD861 /* HashtagsMentionsView.swift in Sources */,
				81F61EF327F04E9600A91739 /* AuthManager.swift in Sources */,
				81237AA92802BC5A00CD3749 /* UserError.swift in Sources */,
				8141A39728182100002CD861 /* GendersPerAgeCollectionViewCell.swift in Sources */,
				816B1934280EC4D40016BDE6 /* LoadingGif.swift in Sources */,
				810AE0C727D641F200F23713 /* ChangePswAndDeleteAccountViewController.swift in Sources */,
				8141A399281949D7002CD861 /* GendersPerAgeViewModel.swift in Sources */,
				810AE0D127D9E61F00F23713 /* ProfileInformationCollectionReusableView.swift in Sources */,
				81AF02A627A27E7E0054F4C5 /* TabBarController.swift in Sources */,
				8141A35B281686CF002CD861 /* ChartsViewModel.swift in Sources */,
				81BAF0F128128D44009E865D /* PopularPostsCollectionReusableView.swift in Sources */,
				8145375228291E9200413006 /* ChartsAvgLikesCommentsViewModel.swift in Sources */,
				81F61EF827F0890E00A91739 /* MostViewedProfileDataCellViewModel.swift in Sources */,
				81F61F0427F2016700A91739 /* MyReportsPlatformCollectionReusableView.swift in Sources */,
				819FFBD227BCDD940083D3A2 /* Extensions.swift in Sources */,
				8141A38B2817EE08002CD861 /* FollowersGenderDistributionView.swift in Sources */,
				81F61F0227F1FCD000A91739 /* MyReportsDateCollectionReusableView.swift in Sources */,
				81BAF0EF28128D2B009E865D /* FirstDetailsCollectionReusableView.swift in Sources */,
				81AF0289279E9A960054F4C5 /* AppDelegate.swift in Sources */,
				810AE0C227D60EE900F23713 /* SignUpViewController.swift in Sources */,
				81F61F0627F2671600A91739 /* MyReportsCollectionViewCellViewModel.swift in Sources */,
				81F61EFC27F0D67700A91739 /* SearchByUsernameCellViewModel.swift in Sources */,
				819CF16B281D37A100119E96 /* YoutubeReportDetailViewController.swift in Sources */,
				819C5CB127CBE9CD00DAB0FE /* ProfileHeaderCollectionReusableView.swift in Sources */,
				81BAF0E928128C99009E865D /* FirstDetailsCollectionViewCell.swift in Sources */,
				81BAF0FE2812EE4A009E865D /* PopularPostViewModel.swift in Sources */,
				8194A8A827F9BCBF0048314B /* FollowersFilterCollectionViewCell.swift in Sources */,
				81BAF0F328128E7F009E865D /* ChartsCollectionViewCell.swift in Sources */,
				81E9EDBD27E2225800FDA44B /* CustomSegmentedControl.swift in Sources */,
				81AF028B279E9A960054F4C5 /* SceneDelegate.swift in Sources */,
				8141A3892817EA54002CD861 /* PercentsFollowersView.swift in Sources */,
				8141A3852817E41D002CD861 /* TagsViewModel.swift in Sources */,
				81BAF0EB28128CBB009E865D /* PopularPostsCollectionViewCell.swift in Sources */,
				81B943B127C410CB00F4C376 /* SearchViewController.swift in Sources */,
				813C27F52810863E0009616D /* ProfileInformationsCellViewModel.swift in Sources */,
				81F61F0027F1E05900A91739 /* ProfileHeaderReusableViewModel.swift in Sources */,
				819FFBD527BFD50C0083D3A2 /* BuyingOptionsCollectionViewCell.swift in Sources */,
				819CF179281D82C700119E96 /* TiktokFollowersFilterCollectionViewCell.swift in Sources */,
				8141A37F28173A1C002CD861 /* HashtagsMentionsCollectionViewCell.swift in Sources */,
				81BAF0F9281299CE009E865D /* ReportDetailViewModel.swift in Sources */,
				8194A8A627F9BCA20048314B /* InfluencerFilterCollectionViewCell.swift in Sources */,
				8141A39328180162002CD861 /* GendersViewModel.swift in Sources */,
				81F61EFA27F0C1F700A91739 /* SearchByUsername.swift in Sources */,
				8141A38D2817EEBE002CD861 /* ProgressBarWithInfos.swift in Sources */,
				81BAF0F728129389009E865D /* ReportDetail.swift in Sources */,
				8141A3832817DD45002CD861 /* ChartsView.swift in Sources */,
				81AF02B327A284140054F4C5 /* ProfileViewController.swift in Sources */,
				81BAF0E528128902009E865D /* ReportDetailViewController.swift in Sources */,
				819CF171281D5C3E00119E96 /* LastPostsView.swift in Sources */,
				81E9EE0227E9475400FDA44B /* APICaller.swift in Sources */,
				811B0CD827CD13B9004730DA /* SearchHeadings.swift in Sources */,
				8194A8B227FDB3940048314B /* PlanCellViewModel.swift in Sources */,
				810AE0C527D641B500F23713 /* ProfileInformationsViewController.swift in Sources */,
				819CF175281D82A000119E96 /* YoutubeFollowersFilterCollectionViewCell.swift in Sources */,
				810AE0C027D60EDA00F23713 /* LogInViewController.swift in Sources */,
				8194A8AC27FA135B0048314B /* SearchWithFilterCellViewModel.swift in Sources */,
				814537562829301600413006 /* NotableUsersCollectionViewCell.swift in Sources */,
				816B192A280DE5CD0016BDE6 /* GetUserLog.swift in Sources */,
				810AE0CD27D8B83D00F23713 /* ProfileInformationsCollectionViewCell.swift in Sources */,
				810AE0CF27D8E51E00F23713 /* SearchResultCollectionReusableView.swift in Sources */,
				8141A37D28173A05002CD861 /* HashtagsMentionsCollectionReusableView.swift in Sources */,
				8141A39D2819EAB9002CD861 /* LikersGendersPerAgeCollectionViewCell.swift in Sources */,
				81AF02AD27A283D10054F4C5 /* BuyReportViewController.swift in Sources */,
				819FFBDB27C2B8030083D3A2 /* SearchResultCollectionViewCell.swift in Sources */,
				81F61EF527F068D900A91739 /* MostViews.swift in Sources */,
				81BAF0FC2812AB8D009E865D /* FirstDetailViewModel.swift in Sources */,
				81386A5427EA0D450051A886 /* User.swift in Sources */,
			);
			runOnlyForDeploymentPostprocessing = 0;
		};
/* End PBXSourcesBuildPhase section */

/* Begin PBXVariantGroup section */
		81AF0293279E9A980054F4C5 /* LaunchScreen.storyboard */ = {
			isa = PBXVariantGroup;
			children = (
				81AF0294279E9A980054F4C5 /* Base */,
			);
			name = LaunchScreen.storyboard;
			sourceTree = "<group>";
		};
/* End PBXVariantGroup section */

/* Begin XCBuildConfiguration section */
		81AF0297279E9A980054F4C5 /* Debug */ = {
			isa = XCBuildConfiguration;
			buildSettings = {
				ALWAYS_SEARCH_USER_PATHS = NO;
				CLANG_ANALYZER_NONNULL = YES;
				CLANG_ANALYZER_NUMBER_OBJECT_CONVERSION = YES_AGGRESSIVE;
				CLANG_CXX_LANGUAGE_STANDARD = "gnu++14";
				CLANG_CXX_LIBRARY = "libc++";
				CLANG_ENABLE_MODULES = YES;
				CLANG_ENABLE_OBJC_ARC = YES;
				CLANG_ENABLE_OBJC_WEAK = YES;
				CLANG_WARN_BLOCK_CAPTURE_AUTORELEASING = YES;
				CLANG_WARN_BOOL_CONVERSION = YES;
				CLANG_WARN_COMMA = YES;
				CLANG_WARN_CONSTANT_CONVERSION = YES;
				CLANG_WARN_DEPRECATED_OBJC_IMPLEMENTATIONS = YES;
				CLANG_WARN_DIRECT_OBJC_ISA_USAGE = YES_ERROR;
				CLANG_WARN_DOCUMENTATION_COMMENTS = YES;
				CLANG_WARN_EMPTY_BODY = YES;
				CLANG_WARN_ENUM_CONVERSION = YES;
				CLANG_WARN_INFINITE_RECURSION = YES;
				CLANG_WARN_INT_CONVERSION = YES;
				CLANG_WARN_NON_LITERAL_NULL_CONVERSION = YES;
				CLANG_WARN_OBJC_IMPLICIT_RETAIN_SELF = YES;
				CLANG_WARN_OBJC_LITERAL_CONVERSION = YES;
				CLANG_WARN_OBJC_ROOT_CLASS = YES_ERROR;
				CLANG_WARN_QUOTED_INCLUDE_IN_FRAMEWORK_HEADER = YES;
				CLANG_WARN_RANGE_LOOP_ANALYSIS = YES;
				CLANG_WARN_STRICT_PROTOTYPES = YES;
				CLANG_WARN_SUSPICIOUS_MOVE = YES;
				CLANG_WARN_UNGUARDED_AVAILABILITY = YES_AGGRESSIVE;
				CLANG_WARN_UNREACHABLE_CODE = YES;
				CLANG_WARN__DUPLICATE_METHOD_MATCH = YES;
				COPY_PHASE_STRIP = NO;
				DEBUG_INFORMATION_FORMAT = dwarf;
				ENABLE_STRICT_OBJC_MSGSEND = YES;
				ENABLE_TESTABILITY = YES;
				GCC_C_LANGUAGE_STANDARD = gnu11;
				GCC_DYNAMIC_NO_PIC = NO;
				GCC_NO_COMMON_BLOCKS = YES;
				GCC_OPTIMIZATION_LEVEL = 0;
				GCC_PREPROCESSOR_DEFINITIONS = (
					"DEBUG=1",
					"$(inherited)",
				);
				GCC_WARN_64_TO_32_BIT_CONVERSION = YES;
				GCC_WARN_ABOUT_RETURN_TYPE = YES_ERROR;
				GCC_WARN_UNDECLARED_SELECTOR = YES;
				GCC_WARN_UNINITIALIZED_AUTOS = YES_AGGRESSIVE;
				GCC_WARN_UNUSED_FUNCTION = YES;
				GCC_WARN_UNUSED_VARIABLE = YES;
				IPHONEOS_DEPLOYMENT_TARGET = 14.4;
				MTL_ENABLE_DEBUG_INFO = INCLUDE_SOURCE;
				MTL_FAST_MATH = YES;
				ONLY_ACTIVE_ARCH = YES;
				SDKROOT = iphoneos;
				SWIFT_ACTIVE_COMPILATION_CONDITIONS = DEBUG;
				SWIFT_OPTIMIZATION_LEVEL = "-Onone";
			};
			name = Debug;
		};
		81AF0298279E9A980054F4C5 /* Release */ = {
			isa = XCBuildConfiguration;
			buildSettings = {
				ALWAYS_SEARCH_USER_PATHS = NO;
				CLANG_ANALYZER_NONNULL = YES;
				CLANG_ANALYZER_NUMBER_OBJECT_CONVERSION = YES_AGGRESSIVE;
				CLANG_CXX_LANGUAGE_STANDARD = "gnu++14";
				CLANG_CXX_LIBRARY = "libc++";
				CLANG_ENABLE_MODULES = YES;
				CLANG_ENABLE_OBJC_ARC = YES;
				CLANG_ENABLE_OBJC_WEAK = YES;
				CLANG_WARN_BLOCK_CAPTURE_AUTORELEASING = YES;
				CLANG_WARN_BOOL_CONVERSION = YES;
				CLANG_WARN_COMMA = YES;
				CLANG_WARN_CONSTANT_CONVERSION = YES;
				CLANG_WARN_DEPRECATED_OBJC_IMPLEMENTATIONS = YES;
				CLANG_WARN_DIRECT_OBJC_ISA_USAGE = YES_ERROR;
				CLANG_WARN_DOCUMENTATION_COMMENTS = YES;
				CLANG_WARN_EMPTY_BODY = YES;
				CLANG_WARN_ENUM_CONVERSION = YES;
				CLANG_WARN_INFINITE_RECURSION = YES;
				CLANG_WARN_INT_CONVERSION = YES;
				CLANG_WARN_NON_LITERAL_NULL_CONVERSION = YES;
				CLANG_WARN_OBJC_IMPLICIT_RETAIN_SELF = YES;
				CLANG_WARN_OBJC_LITERAL_CONVERSION = YES;
				CLANG_WARN_OBJC_ROOT_CLASS = YES_ERROR;
				CLANG_WARN_QUOTED_INCLUDE_IN_FRAMEWORK_HEADER = YES;
				CLANG_WARN_RANGE_LOOP_ANALYSIS = YES;
				CLANG_WARN_STRICT_PROTOTYPES = YES;
				CLANG_WARN_SUSPICIOUS_MOVE = YES;
				CLANG_WARN_UNGUARDED_AVAILABILITY = YES_AGGRESSIVE;
				CLANG_WARN_UNREACHABLE_CODE = YES;
				CLANG_WARN__DUPLICATE_METHOD_MATCH = YES;
				COPY_PHASE_STRIP = NO;
				DEBUG_INFORMATION_FORMAT = "dwarf-with-dsym";
				ENABLE_NS_ASSERTIONS = NO;
				ENABLE_STRICT_OBJC_MSGSEND = YES;
				GCC_C_LANGUAGE_STANDARD = gnu11;
				GCC_NO_COMMON_BLOCKS = YES;
				GCC_WARN_64_TO_32_BIT_CONVERSION = YES;
				GCC_WARN_ABOUT_RETURN_TYPE = YES_ERROR;
				GCC_WARN_UNDECLARED_SELECTOR = YES;
				GCC_WARN_UNINITIALIZED_AUTOS = YES_AGGRESSIVE;
				GCC_WARN_UNUSED_FUNCTION = YES;
				GCC_WARN_UNUSED_VARIABLE = YES;
				IPHONEOS_DEPLOYMENT_TARGET = 14.4;
				MTL_ENABLE_DEBUG_INFO = NO;
				MTL_FAST_MATH = YES;
				SDKROOT = iphoneos;
				SWIFT_COMPILATION_MODE = wholemodule;
				SWIFT_OPTIMIZATION_LEVEL = "-O";
				VALIDATE_PRODUCT = YES;
			};
			name = Release;
		};
		81AF029A279E9A980054F4C5 /* Debug */ = {
			isa = XCBuildConfiguration;
			baseConfigurationReference = BC734F21705DF100D3A3D68A /* Pods-Infpromo.debug.xcconfig */;
			buildSettings = {
				ASSETCATALOG_COMPILER_APPICON_NAME = AppIcon;
				ASSETCATALOG_COMPILER_GLOBAL_ACCENT_COLOR_NAME = AccentColor;
				CODE_SIGN_STYLE = Automatic;
				DEVELOPMENT_TEAM = 7TDF5UXA37;
				INFOPLIST_FILE = Infpromo/Info.plist;
				IPHONEOS_DEPLOYMENT_TARGET = 14.4;
				LD_RUNPATH_SEARCH_PATHS = (
					"$(inherited)",
					"@executable_path/Frameworks",
				);
				PRODUCT_BUNDLE_IDENTIFIER = com.example.Infpromo;
				PRODUCT_NAME = "$(TARGET_NAME)";
				SWIFT_VERSION = 5.0;
				TARGETED_DEVICE_FAMILY = "1,2";
			};
			name = Debug;
		};
		81AF029B279E9A980054F4C5 /* Release */ = {
			isa = XCBuildConfiguration;
			baseConfigurationReference = F5FF43F1F362BFEEEE70A3A1 /* Pods-Infpromo.release.xcconfig */;
			buildSettings = {
				ASSETCATALOG_COMPILER_APPICON_NAME = AppIcon;
				ASSETCATALOG_COMPILER_GLOBAL_ACCENT_COLOR_NAME = AccentColor;
				CODE_SIGN_STYLE = Automatic;
				DEVELOPMENT_TEAM = 7TDF5UXA37;
				INFOPLIST_FILE = Infpromo/Info.plist;
				IPHONEOS_DEPLOYMENT_TARGET = 14.4;
				LD_RUNPATH_SEARCH_PATHS = (
					"$(inherited)",
					"@executable_path/Frameworks",
				);
				PRODUCT_BUNDLE_IDENTIFIER = com.example.Infpromo;
				PRODUCT_NAME = "$(TARGET_NAME)";
				SWIFT_VERSION = 5.0;
				TARGETED_DEVICE_FAMILY = "1,2";
			};
			name = Release;
		};
/* End XCBuildConfiguration section */

/* Begin XCConfigurationList section */
		81AF0280279E9A960054F4C5 /* Build configuration list for PBXProject "Infpromo" */ = {
			isa = XCConfigurationList;
			buildConfigurations = (
				81AF0297279E9A980054F4C5 /* Debug */,
				81AF0298279E9A980054F4C5 /* Release */,
			);
			defaultConfigurationIsVisible = 0;
			defaultConfigurationName = Release;
		};
		81AF0299279E9A980054F4C5 /* Build configuration list for PBXNativeTarget "Infpromo" */ = {
			isa = XCConfigurationList;
			buildConfigurations = (
				81AF029A279E9A980054F4C5 /* Debug */,
				81AF029B279E9A980054F4C5 /* Release */,
			);
			defaultConfigurationIsVisible = 0;
			defaultConfigurationName = Release;
		};
/* End XCConfigurationList section */
	};
	rootObject = 81AF027D279E9A960054F4C5 /* Project object */;
}
